
Microsoft Visual Studio Solution File, Format Version 12.00
# Visual Studio Version 16
VisualStudioVersion = 16.0.28531.58
MinimumVisualStudioVersion = 10.0.40219.1
Project("{FAE04EC0-301F-11D3-BF4B-00C04F79EFBC}") = "AllegroREST", "AllegroREST\AllegroREST.csproj", "{8813B2E9-D921-40ED-B979-98F037075D4D}"
EndProject
Global
	GlobalSection(SolutionConfigurationPlatforms) = preSolution
		Debug|Any CPU = Debug|Any CPU
		Release|Any CPU = Release|Any CPU
	EndGlobalSection
	GlobalSection(ProjectConfigurationPlatforms) = postSolution
		{8813B2E9-D921-40ED-B979-98F037075D4D}.Debug|Any CPU.ActiveCfg = Debug|Any CPU
		{8813B2E9-D921-40ED-B979-98F037075D4D}.Debug|Any CPU.Build.0 = Debug|Any CPU
		{8813B2E9-D921-40ED-B979-98F037075D4D}.Release|Any CPU.ActiveCfg = Release|Any CPU
		{8813B2E9-D921-40ED-B979-98F037075D4D}.Release|Any CPU.Build.0 = Release|Any CPU
	EndGlobalSection
	GlobalSection(SolutionProperties) = preSolution
		HideSolutionNode = FALSE
	EndGlobalSection
	GlobalSection(ExtensibilityGlobals) = postSolution
		SolutionGuid = {2235E722-EDF0-46DD-8C48-1CD7010F9A0A}
	EndGlobalSection
EndGlobal
